// !$*UTF8*$!
{
	archiveVersion = 1;
	classes = {
	};
	objectVersion = 77;
	objects = {

/* Begin PBXBuildFile section */
		01AF44D3CC4848009C61A8B5 /* GitLabProject.swift in Sources */ = {isa = PBXBuildFile; fileRef = 06B754DBFC9A2BDFE0CD08A3 /* GitLabProject.swift */; };
		096D2EF8AC6FB26BDDB8D74A /* Repository.swift in Sources */ = {isa = PBXBuildFile; fileRef = 618EFB844A1A5B736B5A38C7 /* Repository.swift */; };
		09EA3880B236F7987B7CE505 /* Assets.xcassets in Resources */ = {isa = PBXBuildFile; fileRef = 50718D5B584E770A70082CF0 /* Assets.xcassets */; };
		2BD19DEB9B93416599CB8FC0 /* MonitorView.swift in Sources */ = {isa = PBXBuildFile; fileRef = AE31D47585601AF705BA692B /* MonitorView.swift */; };
		3EFE3C4C707973B585E613AD /* BranchResolverTests.swift in Sources */ = {isa = PBXBuildFile; fileRef = 1361C5DA08EDAE2319F8569A /* BranchResolverTests.swift */; };
		4332B7D465A0C4CFBA330225 /* SettingsView.swift in Sources */ = {isa = PBXBuildFile; fileRef = 84653D9DD89125054E84F1BA /* SettingsView.swift */; };
		4A04ADE0DD7F39AA8A40F6D8 /* BranchSelectorTests.swift in Sources */ = {isa = PBXBuildFile; fileRef = 831DF11A53697FFDB4C167B7 /* BranchSelectorTests.swift */; };
		4C99F82616697DF8E903BB75 /* RepositoryRowView.swift in Sources */ = {isa = PBXBuildFile; fileRef = C4D14F633AD1303769752602 /* RepositoryRowView.swift */; };
		4D556C94174208B9201C6A69 /* GitLabServiceTests.swift in Sources */ = {isa = PBXBuildFile; fileRef = 634D41F9E34DA51E60D23553 /* GitLabServiceTests.swift */; };
		4E9A35C3E1A019E09D0B0160 /* KeychainService.swift in Sources */ = {isa = PBXBuildFile; fileRef = 7395C71AED5D0C3409BA61E3 /* KeychainService.swift */; };
		550487121E8649D723DC9C28 /* BranchResolver.swift in Sources */ = {isa = PBXBuildFile; fileRef = 5BACDB7AADC785C8840CD7FE /* BranchResolver.swift */; };
		5732A260A323DD8A140AF542 /* GitLabBranch.swift in Sources */ = {isa = PBXBuildFile; fileRef = F6B9426CB11B18C69265F3E3 /* GitLabBranch.swift */; };
		582C4BE2C7F81C5E6A641991 /* PipelineStatus.swift in Sources */ = {isa = PBXBuildFile; fileRef = 94BA93F89620A8171E473D5D /* PipelineStatus.swift */; };
		64DDF7DDC553BEAD7C1FC210 /* PipelinePollerTests.swift in Sources */ = {isa = PBXBuildFile; fileRef = 70FE351FA813322E7E4D8DC4 /* PipelinePollerTests.swift */; };
		66F395D1752A30DD18854A24 /* ProjectSearchView.swift in Sources */ = {isa = PBXBuildFile; fileRef = 00474CD9E4F5F027CCC19211 /* ProjectSearchView.swift */; };
		78FAB202FB14FC2035857FBF /* PipelinePoller.swift in Sources */ = {isa = PBXBuildFile; fileRef = CA9688B5F9B473743A271E3D /* PipelinePoller.swift */; };
		7A8D4FBEAEEBCBC3142F2698 /* BranchSelector.swift in Sources */ = {isa = PBXBuildFile; fileRef = 695FA6FD217C62831FA51FF7 /* BranchSelector.swift */; };
		7C9DE8B4D61765DF1A13B202 /* RepositoryStore.swift in Sources */ = {isa = PBXBuildFile; fileRef = E2E4F888612270D9B3C79A19 /* RepositoryStore.swift */; };
		958B1238A679DD574668B80F /* GitLabServiceProtocol.swift in Sources */ = {isa = PBXBuildFile; fileRef = D22AFD2290F5C89F2D596EAB /* GitLabServiceProtocol.swift */; };
		AAECE2CD1377996C8F72D16D /* GitLabService.swift in Sources */ = {isa = PBXBuildFile; fileRef = 5F3C8AB2669B6070AC5D70C8 /* GitLabService.swift */; };
		B78AA7598554B4616C4B3334 /* GitLabMonitorApp.swift in Sources */ = {isa = PBXBuildFile; fileRef = ED7391B11CB778FC29573362 /* GitLabMonitorApp.swift */; };
		C4A3B7ED708AF356677D6E98 /* AppSettings.swift in Sources */ = {isa = PBXBuildFile; fileRef = D4344B05F8FCC5D7131DEB33 /* AppSettings.swift */; };
		E6C66007315D825CBD3EB427 /* AppDelegate.swift in Sources */ = {isa = PBXBuildFile; fileRef = 9FE87C1FA3E0C90EFBF6BA35 /* AppDelegate.swift */; };
/* End PBXBuildFile section */

/* Begin PBXContainerItemProxy section */
		81EB3149C23F7EF03744CC55 /* PBXContainerItemProxy */ = {
			isa = PBXContainerItemProxy;
			containerPortal = 1B94B5D9AABD2246BC16B0CA /* Project object */;
			proxyType = 1;
			remoteGlobalIDString = A5494BB87DBFC72B911E52B4;
			remoteInfo = GitLabMonitor;
		};
/* End PBXContainerItemProxy section */

/* Begin PBXFileReference section */
		00474CD9E4F5F027CCC19211 /* ProjectSearchView.swift */ = {isa = PBXFileReference; lastKnownFileType = sourcecode.swift; path = ProjectSearchView.swift; sourceTree = "<group>"; };
		06B754DBFC9A2BDFE0CD08A3 /* GitLabProject.swift */ = {isa = PBXFileReference; lastKnownFileType = sourcecode.swift; path = GitLabProject.swift; sourceTree = "<group>"; };
		1361C5DA08EDAE2319F8569A /* BranchResolverTests.swift */ = {isa = PBXFileReference; lastKnownFileType = sourcecode.swift; path = BranchResolverTests.swift; sourceTree = "<group>"; };
		50718D5B584E770A70082CF0 /* Assets.xcassets */ = {isa = PBXFileReference; lastKnownFileType = folder.assetcatalog; path = Assets.xcassets; sourceTree = "<group>"; };
		5BACDB7AADC785C8840CD7FE /* BranchResolver.swift */ = {isa = PBXFileReference; lastKnownFileType = sourcecode.swift; path = BranchResolver.swift; sourceTree = "<group>"; };
		5F3C8AB2669B6070AC5D70C8 /* GitLabService.swift */ = {isa = PBXFileReference; lastKnownFileType = sourcecode.swift; path = GitLabService.swift; sourceTree = "<group>"; };
		618EFB844A1A5B736B5A38C7 /* Repository.swift */ = {isa = PBXFileReference; lastKnownFileType = sourcecode.swift; path = Repository.swift; sourceTree = "<group>"; };
		634D41F9E34DA51E60D23553 /* GitLabServiceTests.swift */ = {isa = PBXFileReference; lastKnownFileType = sourcecode.swift; path = GitLabServiceTests.swift; sourceTree = "<group>"; };
		695FA6FD217C62831FA51FF7 /* BranchSelector.swift */ = {isa = PBXFileReference; lastKnownFileType = sourcecode.swift; path = BranchSelector.swift; sourceTree = "<group>"; };
		70FE351FA813322E7E4D8DC4 /* PipelinePollerTests.swift */ = {isa = PBXFileReference; lastKnownFileType = sourcecode.swift; path = PipelinePollerTests.swift; sourceTree = "<group>"; };
		7395C71AED5D0C3409BA61E3 /* KeychainService.swift */ = {isa = PBXFileReference; lastKnownFileType = sourcecode.swift; path = KeychainService.swift; sourceTree = "<group>"; };
		761D30EB52EAAA1D410F3C7C /* GitLabMonitor.app */ = {isa = PBXFileReference; explicitFileType = wrapper.application; includeInIndex = 0; path = GitLabMonitor.app; sourceTree = BUILT_PRODUCTS_DIR; };
		78C437C5403D16115F5AE3A0 /* GitLabMonitorTests.xctest */ = {isa = PBXFileReference; explicitFileType = wrapper.cfbundle; includeInIndex = 0; path = GitLabMonitorTests.xctest; sourceTree = BUILT_PRODUCTS_DIR; };
		831DF11A53697FFDB4C167B7 /* BranchSelectorTests.swift */ = {isa = PBXFileReference; lastKnownFileType = sourcecode.swift; path = BranchSelectorTests.swift; sourceTree = "<group>"; };
		84653D9DD89125054E84F1BA /* SettingsView.swift */ = {isa = PBXFileReference; lastKnownFileType = sourcecode.swift; path = SettingsView.swift; sourceTree = "<group>"; };
		945E852498ED629C0DFA5F70 /* Info.plist */ = {isa = PBXFileReference; lastKnownFileType = text.plist; path = Info.plist; sourceTree = "<group>"; };
		94BA93F89620A8171E473D5D /* PipelineStatus.swift */ = {isa = PBXFileReference; lastKnownFileType = sourcecode.swift; path = PipelineStatus.swift; sourceTree = "<group>"; };
		9FE87C1FA3E0C90EFBF6BA35 /* AppDelegate.swift */ = {isa = PBXFileReference; lastKnownFileType = sourcecode.swift; path = AppDelegate.swift; sourceTree = "<group>"; };
		AE31D47585601AF705BA692B /* MonitorView.swift */ = {isa = PBXFileReference; lastKnownFileType = sourcecode.swift; path = MonitorView.swift; sourceTree = "<group>"; };
		C4D14F633AD1303769752602 /* RepositoryRowView.swift */ = {isa = PBXFileReference; lastKnownFileType = sourcecode.swift; path = RepositoryRowView.swift; sourceTree = "<group>"; };
		CA9688B5F9B473743A271E3D /* PipelinePoller.swift */ = {isa = PBXFileReference; lastKnownFileType = sourcecode.swift; path = PipelinePoller.swift; sourceTree = "<group>"; };
		D22AFD2290F5C89F2D596EAB /* GitLabServiceProtocol.swift */ = {isa = PBXFileReference; lastKnownFileType = sourcecode.swift; path = GitLabServiceProtocol.swift; sourceTree = "<group>"; };
		D4344B05F8FCC5D7131DEB33 /* AppSettings.swift */ = {isa = PBXFileReference; lastKnownFileType = sourcecode.swift; path = AppSettings.swift; sourceTree = "<group>"; };
		E2E4F888612270D9B3C79A19 /* RepositoryStore.swift */ = {isa = PBXFileReference; lastKnownFileType = sourcecode.swift; path = RepositoryStore.swift; sourceTree = "<group>"; };
		ED7391B11CB778FC29573362 /* GitLabMonitorApp.swift */ = {isa = PBXFileReference; lastKnownFileType = sourcecode.swift; path = GitLabMonitorApp.swift; sourceTree = "<group>"; };
		F6B9426CB11B18C69265F3E3 /* GitLabBranch.swift */ = {isa = PBXFileReference; lastKnownFileType = sourcecode.swift; path = GitLabBranch.swift; sourceTree = "<group>"; };
/* End PBXFileReference section */

/* Begin PBXGroup section */
		0315676715C066A3CE661F58 /* Products */ = {
			isa = PBXGroup;
			children = (
				761D30EB52EAAA1D410F3C7C /* GitLabMonitor.app */,
				78C437C5403D16115F5AE3A0 /* GitLabMonitorTests.xctest */,
			);
			name = Products;
			sourceTree = "<group>";
		};
		3ADD7EE195B3359248E11344 /* Views */ = {
			isa = PBXGroup;
			children = (
				AE31D47585601AF705BA692B /* MonitorView.swift */,
				00474CD9E4F5F027CCC19211 /* ProjectSearchView.swift */,
				C4D14F633AD1303769752602 /* RepositoryRowView.swift */,
				84653D9DD89125054E84F1BA /* SettingsView.swift */,
			);
			path = Views;
			sourceTree = "<group>";
		};
		476B5AD28A2830F647834CD8 /* GitLabMonitorTests */ = {
			isa = PBXGroup;
			children = (
				1361C5DA08EDAE2319F8569A /* BranchResolverTests.swift */,
				831DF11A53697FFDB4C167B7 /* BranchSelectorTests.swift */,
				634D41F9E34DA51E60D23553 /* GitLabServiceTests.swift */,
				70FE351FA813322E7E4D8DC4 /* PipelinePollerTests.swift */,
			);
			path = GitLabMonitorTests;
			sourceTree = "<group>";
		};
		6C5675D4FB3650EBAFA737F8 /* GitLabMonitor */ = {
			isa = PBXGroup;
			children = (
				9FE87C1FA3E0C90EFBF6BA35 /* AppDelegate.swift */,
				50718D5B584E770A70082CF0 /* Assets.xcassets */,
				ED7391B11CB778FC29573362 /* GitLabMonitorApp.swift */,
				945E852498ED629C0DFA5F70 /* Info.plist */,
				90D6592B971457A8B34C0F01 /* Models */,
				8A5E6C825F4BD4D2F6E6C85B /* Polling */,
				C22F85F439DBCDE031515689 /* Services */,
				B0B794316A2A346B3E6247A7 /* Store */,
				3ADD7EE195B3359248E11344 /* Views */,
			);
			path = GitLabMonitor;
			sourceTree = "<group>";
		};
		8A5E6C825F4BD4D2F6E6C85B /* Polling */ = {
			isa = PBXGroup;
			children = (
				CA9688B5F9B473743A271E3D /* PipelinePoller.swift */,
			);
			path = Polling;
			sourceTree = "<group>";
		};
		90D6592B971457A8B34C0F01 /* Models */ = {
			isa = PBXGroup;
			children = (
				D4344B05F8FCC5D7131DEB33 /* AppSettings.swift */,
				695FA6FD217C62831FA51FF7 /* BranchSelector.swift */,
				F6B9426CB11B18C69265F3E3 /* GitLabBranch.swift */,
				06B754DBFC9A2BDFE0CD08A3 /* GitLabProject.swift */,
				94BA93F89620A8171E473D5D /* PipelineStatus.swift */,
				618EFB844A1A5B736B5A38C7 /* Repository.swift */,
			);
			path = Models;
			sourceTree = "<group>";
		};
		B0B794316A2A346B3E6247A7 /* Store */ = {
			isa = PBXGroup;
			children = (
				E2E4F888612270D9B3C79A19 /* RepositoryStore.swift */,
			);
			path = Store;
			sourceTree = "<group>";
		};
		C22F85F439DBCDE031515689 /* Services */ = {
			isa = PBXGroup;
			children = (
				5BACDB7AADC785C8840CD7FE /* BranchResolver.swift */,
				5F3C8AB2669B6070AC5D70C8 /* GitLabService.swift */,
				D22AFD2290F5C89F2D596EAB /* GitLabServiceProtocol.swift */,
				7395C71AED5D0C3409BA61E3 /* KeychainService.swift */,
			);
			path = Services;
			sourceTree = "<group>";
		};
		FD0203C1EA46DD5481DA207A = {
			isa = PBXGroup;
			children = (
				6C5675D4FB3650EBAFA737F8 /* GitLabMonitor */,
				476B5AD28A2830F647834CD8 /* GitLabMonitorTests */,
				0315676715C066A3CE661F58 /* Products */,
			);
			sourceTree = "<group>";
		};
/* End PBXGroup section */

/* Begin PBXNativeTarget section */
		5F0CAA4102917FAF7292D7BC /* GitLabMonitorTests */ = {
			isa = PBXNativeTarget;
			buildConfigurationList = 673DAD746545A44613C26F4E /* Build configuration list for PBXNativeTarget "GitLabMonitorTests" */;
			buildPhases = (
				48533EB81B12DA7505A34943 /* Sources */,
			);
			buildRules = (
			);
			dependencies = (
				E9DF015E5FED699522A64558 /* PBXTargetDependency */,
			);
			name = GitLabMonitorTests;
			packageProductDependencies = (
			);
			productName = GitLabMonitorTests;
			productReference = 78C437C5403D16115F5AE3A0 /* GitLabMonitorTests.xctest */;
			productType = "com.apple.product-type.bundle.unit-test";
		};
		A5494BB87DBFC72B911E52B4 /* GitLabMonitor */ = {
			isa = PBXNativeTarget;
			buildConfigurationList = E8C3D7404236DB74E70F3A33 /* Build configuration list for PBXNativeTarget "GitLabMonitor" */;
			buildPhases = (
				2D15D84FA24E1B94A92D01CE /* Sources */,
				FBC103CF818F95B42ADA3A3B /* Resources */,
			);
			buildRules = (
			);
			dependencies = (
			);
			name = GitLabMonitor;
			packageProductDependencies = (
			);
			productName = GitLabMonitor;
			productReference = 761D30EB52EAAA1D410F3C7C /* GitLabMonitor.app */;
			productType = "com.apple.product-type.application";
		};
/* End PBXNativeTarget section */

/* Begin PBXProject section */
		1B94B5D9AABD2246BC16B0CA /* Project object */ = {
			isa = PBXProject;
			attributes = {
				BuildIndependentTargetsInParallel = YES;
				LastUpgradeCheck = 1500;
				TargetAttributes = {
					5F0CAA4102917FAF7292D7BC = {
						DevelopmentTeam = "";
						ProvisioningStyle = Manual;
					};
					A5494BB87DBFC72B911E52B4 = {
						DevelopmentTeam = "";
						ProvisioningStyle = Manual;
					};
				};
			};
			buildConfigurationList = A718228FAD988B48FC53466E /* Build configuration list for PBXProject "GitLabMonitor" */;
			developmentRegion = en;
			hasScannedForEncodings = 0;
			knownRegions = (
				Base,
				en,
			);
			mainGroup = FD0203C1EA46DD5481DA207A;
			minimizedProjectReferenceProxies = 1;
			preferredProjectObjectVersion = 77;
			productRefGroup = 0315676715C066A3CE661F58 /* Products */;
			projectDirPath = "";
			projectRoot = "";
			targets = (
				A5494BB87DBFC72B911E52B4 /* GitLabMonitor */,
				5F0CAA4102917FAF7292D7BC /* GitLabMonitorTests */,
			);
		};
/* End PBXProject section */

/* Begin PBXResourcesBuildPhase section */
		FBC103CF818F95B42ADA3A3B /* Resources */ = {
			isa = PBXResourcesBuildPhase;
			buildActionMask = 2147483647;
			files = (
				09EA3880B236F7987B7CE505 /* Assets.xcassets in Resources */,
			);
			runOnlyForDeploymentPostprocessing = 0;
		};
/* End PBXResourcesBuildPhase section */

/* Begin PBXSourcesBuildPhase section */
		2D15D84FA24E1B94A92D01CE /* Sources */ = {
			isa = PBXSourcesBuildPhase;
			buildActionMask = 2147483647;
			files = (
				E6C66007315D825CBD3EB427 /* AppDelegate.swift in Sources */,
				C4A3B7ED708AF356677D6E98 /* AppSettings.swift in Sources */,
				550487121E8649D723DC9C28 /* BranchResolver.swift in Sources */,
				7A8D4FBEAEEBCBC3142F2698 /* BranchSelector.swift in Sources */,
				5732A260A323DD8A140AF542 /* GitLabBranch.swift in Sources */,
				B78AA7598554B4616C4B3334 /* GitLabMonitorApp.swift in Sources */,
				01AF44D3CC4848009C61A8B5 /* GitLabProject.swift in Sources */,
				AAECE2CD1377996C8F72D16D /* GitLabService.swift in Sources */,
				958B1238A679DD574668B80F /* GitLabServiceProtocol.swift in Sources */,
				4E9A35C3E1A019E09D0B0160 /* KeychainService.swift in Sources */,
				2BD19DEB9B93416599CB8FC0 /* MonitorView.swift in Sources */,
				78FAB202FB14FC2035857FBF /* PipelinePoller.swift in Sources */,
				582C4BE2C7F81C5E6A641991 /* PipelineStatus.swift in Sources */,
				66F395D1752A30DD18854A24 /* ProjectSearchView.swift in Sources */,
				096D2EF8AC6FB26BDDB8D74A /* Repository.swift in Sources */,
				4C99F82616697DF8E903BB75 /* RepositoryRowView.swift in Sources */,
				7C9DE8B4D61765DF1A13B202 /* RepositoryStore.swift in Sources */,
				4332B7D465A0C4CFBA330225 /* SettingsView.swift in Sources */,
			);
			runOnlyForDeploymentPostprocessing = 0;
		};
		48533EB81B12DA7505A34943 /* Sources */ = {
			isa = PBXSourcesBuildPhase;
			buildActionMask = 2147483647;
			files = (
				3EFE3C4C707973B585E613AD /* BranchResolverTests.swift in Sources */,
				4A04ADE0DD7F39AA8A40F6D8 /* BranchSelectorTests.swift in Sources */,
				4D556C94174208B9201C6A69 /* GitLabServiceTests.swift in Sources */,
				64DDF7DDC553BEAD7C1FC210 /* PipelinePollerTests.swift in Sources */,
			);
			runOnlyForDeploymentPostprocessing = 0;
		};
/* End PBXSourcesBuildPhase section */

/* Begin PBXTargetDependency section */
		E9DF015E5FED699522A64558 /* PBXTargetDependency */ = {
			isa = PBXTargetDependency;
			target = A5494BB87DBFC72B911E52B4 /* GitLabMonitor */;
			targetProxy = 81EB3149C23F7EF03744CC55 /* PBXContainerItemProxy */;
		};
/* End PBXTargetDependency section */

/* Begin XCBuildConfiguration section */
		166E362E625D8700C57D4A74 /* Debug */ = {
			isa = XCBuildConfiguration;
			buildSettings = {
				BUNDLE_LOADER = "$(TEST_HOST)";
				CODE_SIGNING_ALLOWED = YES;
				CODE_SIGNING_REQUIRED = NO;
				CODE_SIGN_IDENTITY = "-";
				CODE_SIGN_STYLE = Manual;
				COMBINE_HIDPI_IMAGES = YES;
				GENERATE_INFOPLIST_FILE = YES;
				LD_RUNPATH_SEARCH_PATHS = (
					"$(inherited)",
					"@executable_path/../Frameworks",
					"@loader_path/../Frameworks",
				);
				MACOSX_DEPLOYMENT_TARGET = 13.0;
				SDKROOT = macosx;
				TEST_HOST = "$(BUILT_PRODUCTS_DIR)/GitLabMonitor.app/Contents/MacOS/GitLabMonitor";
			};
			name = Debug;
		};
		3E4E1D9B23E25D5B1BA29DE3 /* Debug */ = {
			isa = XCBuildConfiguration;
			buildSettings = {
				ASSETCATALOG_COMPILER_APPICON_NAME = AppIcon;
				CODE_SIGNING_ALLOWED = YES;
				CODE_SIGNING_REQUIRED = NO;
				CODE_SIGN_IDENTITY = "-";
				CODE_SIGN_STYLE = Manual;
				COMBINE_HIDPI_IMAGES = YES;
				INFOPLIST_FILE = GitLabMonitor/Info.plist;
				LD_RUNPATH_SEARCH_PATHS = (
					"$(inherited)",
					"@executable_path/../Frameworks",
				);
				MACOSX_DEPLOYMENT_TARGET = 13.0;
				PRODUCT_BUNDLE_IDENTIFIER = "com.gitlab-monitor";
				SDKROOT = macosx;
				SWIFT_VERSION = 5.9;
			};
			name = Debug;
		};
		56E19252C1266040D6A6B3B8 /* Release */ = {
			isa = XCBuildConfiguration;
			buildSettings = {
				ASSETCATALOG_COMPILER_APPICON_NAME = AppIcon;
				CODE_SIGNING_ALLOWED = YES;
				CODE_SIGNING_REQUIRED = NO;
				CODE_SIGN_IDENTITY = "-";
				CODE_SIGN_STYLE = Manual;
				COMBINE_HIDPI_IMAGES = YES;
				INFOPLIST_FILE = GitLabMonitor/Info.plist;
				LD_RUNPATH_SEARCH_PATHS = (
					"$(inherited)",
					"@executable_path/../Frameworks",
				);
				MACOSX_DEPLOYMENT_TARGET = 13.0;
				PRODUCT_BUNDLE_IDENTIFIER = "com.gitlab-monitor";
				SDKROOT = macosx;
				SWIFT_VERSION = 5.9;
			};
			name = Release;
		};
		8A114790A55E903373B6DBCC /* Release */ = {
			isa = XCBuildConfiguration;
			buildSettings = {
				ALWAYS_SEARCH_USER_PATHS = NO;
				CLANG_ANALYZER_NONNULL = YES;
				CLANG_ANALYZER_NUMBER_OBJECT_CONVERSION = YES_AGGRESSIVE;
				CLANG_CXX_LANGUAGE_STANDARD = "gnu++14";
				CLANG_CXX_LIBRARY = "libc++";
				CLANG_ENABLE_MODULES = YES;
				CLANG_ENABLE_OBJC_ARC = YES;
				CLANG_ENABLE_OBJC_WEAK = YES;
				CLANG_WARN_BLOCK_CAPTURE_AUTORELEASING = YES;
				CLANG_WARN_BOOL_CONVERSION = YES;
				CLANG_WARN_COMMA = YES;
				CLANG_WARN_CONSTANT_CONVERSION = YES;
				CLANG_WARN_DEPRECATED_OBJC_IMPLEMENTATIONS = YES;
				CLANG_WARN_DIRECT_OBJC_ISA_USAGE = YES_ERROR;
				CLANG_WARN_DOCUMENTATION_COMMENTS = YES;
				CLANG_WARN_EMPTY_BODY = YES;
				CLANG_WARN_ENUM_CONVERSION = YES;
				CLANG_WARN_INFINITE_RECURSION = YES;
				CLANG_WARN_INT_CONVERSION = YES;
				CLANG_WARN_NON_LITERAL_NULL_CONVERSION = YES;
				CLANG_WARN_OBJC_IMPLICIT_RETAIN_SELF = YES;
				CLANG_WARN_OBJC_LITERAL_CONVERSION = YES;
				CLANG_WARN_OBJC_ROOT_CLASS = YES_ERROR;
				CLANG_WARN_QUOTED_INCLUDE_IN_FRAMEWORK_HEADER = YES;
				CLANG_WARN_RANGE_LOOP_ANALYSIS = YES;
				CLANG_WARN_STRICT_PROTOTYPES = YES;
				CLANG_WARN_SUSPICIOUS_MOVE = YES;
				CLANG_WARN_UNGUARDED_AVAILABILITY = YES_AGGRESSIVE;
				CLANG_WARN_UNREACHABLE_CODE = YES;
				CLANG_WARN__DUPLICATE_METHOD_MATCH = YES;
				CODE_SIGNING_ALLOWED = YES;
				CODE_SIGNING_REQUIRED = NO;
				CODE_SIGN_IDENTITY = "-";
				CODE_SIGN_STYLE = Manual;
				COPY_PHASE_STRIP = NO;
				DEBUG_INFORMATION_FORMAT = "dwarf-with-dsym";
				DEVELOPMENT_TEAM = "";
				ENABLE_NS_ASSERTIONS = NO;
				ENABLE_STRICT_OBJC_MSGSEND = YES;
				GCC_C_LANGUAGE_STANDARD = gnu11;
				GCC_NO_COMMON_BLOCKS = YES;
				GCC_WARN_64_TO_32_BIT_CONVERSION = YES;
				GCC_WARN_ABOUT_RETURN_TYPE = YES_ERROR;
				GCC_WARN_UNDECLARED_SELECTOR = YES;
				GCC_WARN_UNINITIALIZED_AUTOS = YES_AGGRESSIVE;
				GCC_WARN_UNUSED_FUNCTION = YES;
				GCC_WARN_UNUSED_VARIABLE = YES;
				MACOSX_DEPLOYMENT_TARGET = 13.0;
				MTL_ENABLE_DEBUG_INFO = NO;
				MTL_FAST_MATH = YES;
				PRODUCT_BUNDLE_IDENTIFIER = "com.gitlab-monitor";
				PRODUCT_NAME = "$(TARGET_NAME)";
				SDKROOT = macosx;
				SWIFT_COMPILATION_MODE = wholemodule;
				SWIFT_OPTIMIZATION_LEVEL = "-O";
				SWIFT_VERSION = 5.9;
			};
			name = Release;
		};
		8C7144EE9C5AEC56BBB415BA /* Release */ = {
			isa = XCBuildConfiguration;
			buildSettings = {
				BUNDLE_LOADER = "$(TEST_HOST)";
				CODE_SIGNING_ALLOWED = YES;
				CODE_SIGNING_REQUIRED = NO;
				CODE_SIGN_IDENTITY = "-";
				CODE_SIGN_STYLE = Manual;
				COMBINE_HIDPI_IMAGES = YES;
				GENERATE_INFOPLIST_FILE = YES;
				LD_RUNPATH_SEARCH_PATHS = (
					"$(inherited)",
					"@executable_path/../Frameworks",
					"@loader_path/../Frameworks",
				);
				MACOSX_DEPLOYMENT_TARGET = 13.0;
				SDKROOT = macosx;
				TEST_HOST = "$(BUILT_PRODUCTS_DIR)/GitLabMonitor.app/Contents/MacOS/GitLabMonitor";
			};
			name = Release;
		};
		9F4A97EF6A2769EED94DE00B /* Debug */ = {
			isa = XCBuildConfiguration;
			buildSettings = {
				ALWAYS_SEARCH_USER_PATHS = NO;
				CLANG_ANALYZER_NONNULL = YES;
				CLANG_ANALYZER_NUMBER_OBJECT_CONVERSION = YES_AGGRESSIVE;
				CLANG_CXX_LANGUAGE_STANDARD = "gnu++14";
				CLANG_CXX_LIBRARY = "libc++";
				CLANG_ENABLE_MODULES = YES;
				CLANG_ENABLE_OBJC_ARC = YES;
				CLANG_ENABLE_OBJC_WEAK = YES;
				CLANG_WARN_BLOCK_CAPTURE_AUTORELEASING = YES;
				CLANG_WARN_BOOL_CONVERSION = YES;
				CLANG_WARN_COMMA = YES;
				CLANG_WARN_CONSTANT_CONVERSION = YES;
				CLANG_WARN_DEPRECATED_OBJC_IMPLEMENTATIONS = YES;
				CLANG_WARN_DIRECT_OBJC_ISA_USAGE = YES_ERROR;
				CLANG_WARN_DOCUMENTATION_COMMENTS = YES;
				CLANG_WARN_EMPTY_BODY = YES;
				CLANG_WARN_ENUM_CONVERSION = YES;
				CLANG_WARN_INFINITE_RECURSION = YES;
				CLANG_WARN_INT_CONVERSION = YES;
				CLANG_WARN_NON_LITERAL_NULL_CONVERSION = YES;
				CLANG_WARN_OBJC_IMPLICIT_RETAIN_SELF = YES;
				CLANG_WARN_OBJC_LITERAL_CONVERSION = YES;
				CLANG_WARN_OBJC_ROOT_CLASS = YES_ERROR;
				CLANG_WARN_QUOTED_INCLUDE_IN_FRAMEWORK_HEADER = YES;
				CLANG_WARN_RANGE_LOOP_ANALYSIS = YES;
				CLANG_WARN_STRICT_PROTOTYPES = YES;
				CLANG_WARN_SUSPICIOUS_MOVE = YES;
				CLANG_WARN_UNGUARDED_AVAILABILITY = YES_AGGRESSIVE;
				CLANG_WARN_UNREACHABLE_CODE = YES;
				CLANG_WARN__DUPLICATE_METHOD_MATCH = YES;
				CODE_SIGNING_ALLOWED = YES;
				CODE_SIGNING_REQUIRED = NO;
				CODE_SIGN_IDENTITY = "-";
				CODE_SIGN_STYLE = Manual;
				COPY_PHASE_STRIP = NO;
				DEBUG_INFORMATION_FORMAT = dwarf;
				DEVELOPMENT_TEAM = "";
				ENABLE_STRICT_OBJC_MSGSEND = YES;
				ENABLE_TESTABILITY = YES;
				GCC_C_LANGUAGE_STANDARD = gnu11;
				GCC_DYNAMIC_NO_PIC = NO;
				GCC_NO_COMMON_BLOCKS = YES;
				GCC_OPTIMIZATION_LEVEL = 0;
				GCC_PREPROCESSOR_DEFINITIONS = (
					"$(inherited)",
					"DEBUG=1",
				);
				GCC_WARN_64_TO_32_BIT_CONVERSION = YES;
				GCC_WARN_ABOUT_RETURN_TYPE = YES_ERROR;
				GCC_WARN_UNDECLARED_SELECTOR = YES;
				GCC_WARN_UNINITIALIZED_AUTOS = YES_AGGRESSIVE;
				GCC_WARN_UNUSED_FUNCTION = YES;
				GCC_WARN_UNUSED_VARIABLE = YES;
				MACOSX_DEPLOYMENT_TARGET = 13.0;
				MTL_ENABLE_DEBUG_INFO = INCLUDE_SOURCE;
				MTL_FAST_MATH = YES;
				ONLY_ACTIVE_ARCH = YES;
				PRODUCT_BUNDLE_IDENTIFIER = "com.gitlab-monitor";
				PRODUCT_NAME = "$(TARGET_NAME)";
				SDKROOT = macosx;
				SWIFT_ACTIVE_COMPILATION_CONDITIONS = DEBUG;
				SWIFT_OPTIMIZATION_LEVEL = "-Onone";
				SWIFT_VERSION = 5.9;
			};
			name = Debug;
		};
/* End XCBuildConfiguration section */

/* Begin XCConfigurationList section */
		673DAD746545A44613C26F4E /* Build configuration list for PBXNativeTarget "GitLabMonitorTests" */ = {
			isa = XCConfigurationList;
			buildConfigurations = (
				166E362E625D8700C57D4A74 /* Debug */,
				8C7144EE9C5AEC56BBB415BA /* Release */,
			);
			defaultConfigurationIsVisible = 0;
			defaultConfigurationName = Debug;
		};
		A718228FAD988B48FC53466E /* Build configuration list for PBXProject "GitLabMonitor" */ = {
			isa = XCConfigurationList;
			buildConfigurations = (
				9F4A97EF6A2769EED94DE00B /* Debug */,
				8A114790A55E903373B6DBCC /* Release */,
			);
			defaultConfigurationIsVisible = 0;
			defaultConfigurationName = Debug;
		};
		E8C3D7404236DB74E70F3A33 /* Build configuration list for PBXNativeTarget "GitLabMonitor" */ = {
			isa = XCConfigurationList;
			buildConfigurations = (
				3E4E1D9B23E25D5B1BA29DE3 /* Debug */,
				56E19252C1266040D6A6B3B8 /* Release */,
			);
			defaultConfigurationIsVisible = 0;
			defaultConfigurationName = Debug;
		};
/* End XCConfigurationList section */
	};
	rootObject = 1B94B5D9AABD2246BC16B0CA /* Project object */;
}
